// !$*UTF8*$!
{
	archiveVersion = 1;
	classes = {
	};
	objectVersion = 56;
	objects = {

/* Begin PBXBuildFile section */
		CB3622B02C57C9C7002EC1EA /* AppDelegate.swift in Sources */ = {isa = PBXBuildFile; fileRef = CB3622AF2C57C9C7002EC1EA /* AppDelegate.swift */; };
		CB3622B22C57C9C7002EC1EA /* SceneDelegate.swift in Sources */ = {isa = PBXBuildFile; fileRef = CB3622B12C57C9C7002EC1EA /* SceneDelegate.swift */; };
		CB3622B42C57C9C7002EC1EA /* ViewController.swift in Sources */ = {isa = PBXBuildFile; fileRef = CB3622B32C57C9C7002EC1EA /* ViewController.swift */; };
		CB3622B72C57C9C7002EC1EA /* Base in Resources */ = {isa = PBXBuildFile; fileRef = CB3622B62C57C9C7002EC1EA /* Base */; };
		CB3622B92C57C9C8002EC1EA /* Assets.xcassets in Resources */ = {isa = PBXBuildFile; fileRef = CB3622B82C57C9C8002EC1EA /* Assets.xcassets */; };
		CB3622BC2C57C9C8002EC1EA /* Base in Resources */ = {isa = PBXBuildFile; fileRef = CB3622BB2C57C9C8002EC1EA /* Base */; };
		CB3622C52C57CA10002EC1EA /* SnapKit in Frameworks */ = {isa = PBXBuildFile; productRef = CB3622C42C57CA10002EC1EA /* SnapKit */; };
		CB3622CA2C57CA44002EC1EA /* Kingfisher in Frameworks */ = {isa = PBXBuildFile; productRef = CB3622C92C57CA44002EC1EA /* Kingfisher */; };
		CB3622D22C57CF51002EC1EA /* Const.swift in Sources */ = {isa = PBXBuildFile; fileRef = CB3622D12C57CF51002EC1EA /* Const.swift */; };
		CB3622D52C58B50B002EC1EA /* TV.swift in Sources */ = {isa = PBXBuildFile; fileRef = CB3622D42C58B50B002EC1EA /* TV.swift */; };
		CB3622D72C58C0F2002EC1EA /* Movie.swift in Sources */ = {isa = PBXBuildFile; fileRef = CB3622D62C58C0F2002EC1EA /* Movie.swift */; };
		CB3622D92C58C466002EC1EA /* MovieResult.swift in Sources */ = {isa = PBXBuildFile; fileRef = CB3622D82C58C466002EC1EA /* MovieResult.swift */; };
		CB3622DB2C58C671002EC1EA /* Network.swift in Sources */ = {isa = PBXBuildFile; fileRef = CB3622DA2C58C671002EC1EA /* Network.swift */; };
		CB3622DE2C58C7ED002EC1EA /* RxCocoa in Frameworks */ = {isa = PBXBuildFile; productRef = CB3622DD2C58C7ED002EC1EA /* RxCocoa */; };
		CB3622E12C58C80C002EC1EA /* RxAlamofire in Frameworks */ = {isa = PBXBuildFile; productRef = CB3622E02C58C80C002EC1EA /* RxAlamofire */; };
		CB3622E32C5A0627002EC1EA /* TVNetwork.swift in Sources */ = {isa = PBXBuildFile; fileRef = CB3622E22C5A0627002EC1EA /* TVNetwork.swift */; };
		CB3622E52C5A062F002EC1EA /* MovieNetwork.swift in Sources */ = {isa = PBXBuildFile; fileRef = CB3622E42C5A062F002EC1EA /* MovieNetwork.swift */; };
		CB3622E72C5A07C5002EC1EA /* NetworkProvider.swift in Sources */ = {isa = PBXBuildFile; fileRef = CB3622E62C5A07C5002EC1EA /* NetworkProvider.swift */; };
		CB3622E92C5A0B67002EC1EA /* ButtonView.swift in Sources */ = {isa = PBXBuildFile; fileRef = CB3622E82C5A0B67002EC1EA /* ButtonView.swift */; };
		CB3622EB2C5B59F4002EC1EA /* ViewModel.swift in Sources */ = {isa = PBXBuildFile; fileRef = CB3622EA2C5B59F4002EC1EA /* ViewModel.swift */; };
		CB3A05392C69CDB9002297F3 /* Content.swift in Sources */ = {isa = PBXBuildFile; fileRef = CB3A05382C69CDB9002297F3 /* Content.swift */; };
		CB3A053B2C69D074002297F3 /* BigImageCollectionViewCell.swift in Sources */ = {isa = PBXBuildFile; fileRef = CB3A053A2C69D074002297F3 /* BigImageCollectionViewCell.swift */; };
		CB3A053D2C69D29B002297F3 /* ListCollectionViewCell.swift in Sources */ = {isa = PBXBuildFile; fileRef = CB3A053C2C69D29B002297F3 /* ListCollectionViewCell.swift */; };
		CB3A053F2C69D7B3002297F3 /* HeaderView.swift in Sources */ = {isa = PBXBuildFile; fileRef = CB3A053E2C69D7B3002297F3 /* HeaderView.swift */; };
		CBC6D9D02C760C620077595C /* ReviewViewController.swift in Sources */ = {isa = PBXBuildFile; fileRef = CBC6D9CF2C760C620077595C /* ReviewViewController.swift */; };
		CBC6D9D22C7610990077595C /* Review.swift in Sources */ = {isa = PBXBuildFile; fileRef = CBC6D9D12C7610990077595C /* Review.swift */; };
		CBEDB2012C68873000FFF5A9 /* NormalCollectionViewCell.swift in Sources */ = {isa = PBXBuildFile; fileRef = CBEDB2002C68872F00FFF5A9 /* NormalCollectionViewCell.swift */; };
/* End PBXBuildFile section */

/* Begin PBXFileReference section */
		CB3622AC2C57C9C7002EC1EA /* TvMovie.app */ = {isa = PBXFileReference; explicitFileType = wrapper.application; includeInIndex = 0; path = TvMovie.app; sourceTree = BUILT_PRODUCTS_DIR; };
		CB3622AF2C57C9C7002EC1EA /* AppDelegate.swift */ = {isa = PBXFileReference; lastKnownFileType = sourcecode.swift; path = AppDelegate.swift; sourceTree = "<group>"; };
		CB3622B12C57C9C7002EC1EA /* SceneDelegate.swift */ = {isa = PBXFileReference; lastKnownFileType = sourcecode.swift; path = SceneDelegate.swift; sourceTree = "<group>"; };
		CB3622B32C57C9C7002EC1EA /* ViewController.swift */ = {isa = PBXFileReference; lastKnownFileType = sourcecode.swift; path = ViewController.swift; sourceTree = "<group>"; };
		CB3622B62C57C9C7002EC1EA /* Base */ = {isa = PBXFileReference; lastKnownFileType = file.storyboard; name = Base; path = Base.lproj/Main.storyboard; sourceTree = "<group>"; };
		CB3622B82C57C9C8002EC1EA /* Assets.xcassets */ = {isa = PBXFileReference; lastKnownFileType = folder.assetcatalog; path = Assets.xcassets; sourceTree = "<group>"; };
		CB3622BB2C57C9C8002EC1EA /* Base */ = {isa = PBXFileReference; lastKnownFileType = file.storyboard; name = Base; path = Base.lproj/LaunchScreen.storyboard; sourceTree = "<group>"; };
		CB3622BD2C57C9C8002EC1EA /* Info.plist */ = {isa = PBXFileReference; lastKnownFileType = text.plist.xml; path = Info.plist; sourceTree = "<group>"; };
		CB3622D12C57CF51002EC1EA /* Const.swift */ = {isa = PBXFileReference; lastKnownFileType = sourcecode.swift; path = Const.swift; sourceTree = "<group>"; };
		CB3622D42C58B50B002EC1EA /* TV.swift */ = {isa = PBXFileReference; lastKnownFileType = sourcecode.swift; path = TV.swift; sourceTree = "<group>"; };
		CB3622D62C58C0F2002EC1EA /* Movie.swift */ = {isa = PBXFileReference; lastKnownFileType = sourcecode.swift; path = Movie.swift; sourceTree = "<group>"; };
		CB3622D82C58C466002EC1EA /* MovieResult.swift */ = {isa = PBXFileReference; lastKnownFileType = sourcecode.swift; path = MovieResult.swift; sourceTree = "<group>"; };
		CB3622DA2C58C671002EC1EA /* Network.swift */ = {isa = PBXFileReference; lastKnownFileType = sourcecode.swift; path = Network.swift; sourceTree = "<group>"; };
		CB3622E22C5A0627002EC1EA /* TVNetwork.swift */ = {isa = PBXFileReference; lastKnownFileType = sourcecode.swift; path = TVNetwork.swift; sourceTree = "<group>"; };
		CB3622E42C5A062F002EC1EA /* MovieNetwork.swift */ = {isa = PBXFileReference; lastKnownFileType = sourcecode.swift; path = MovieNetwork.swift; sourceTree = "<group>"; };
		CB3622E62C5A07C5002EC1EA /* NetworkProvider.swift */ = {isa = PBXFileReference; lastKnownFileType = sourcecode.swift; path = NetworkProvider.swift; sourceTree = "<group>"; };
		CB3622E82C5A0B67002EC1EA /* ButtonView.swift */ = {isa = PBXFileReference; lastKnownFileType = sourcecode.swift; path = ButtonView.swift; sourceTree = "<group>"; };
		CB3622EA2C5B59F4002EC1EA /* ViewModel.swift */ = {isa = PBXFileReference; lastKnownFileType = sourcecode.swift; path = ViewModel.swift; sourceTree = "<group>"; };
		CB3A05382C69CDB9002297F3 /* Content.swift */ = {isa = PBXFileReference; lastKnownFileType = sourcecode.swift; path = Content.swift; sourceTree = "<group>"; };
		CB3A053A2C69D074002297F3 /* BigImageCollectionViewCell.swift */ = {isa = PBXFileReference; lastKnownFileType = sourcecode.swift; path = BigImageCollectionViewCell.swift; sourceTree = "<group>"; };
		CB3A053C2C69D29B002297F3 /* ListCollectionViewCell.swift */ = {isa = PBXFileReference; lastKnownFileType = sourcecode.swift; path = ListCollectionViewCell.swift; sourceTree = "<group>"; };
		CB3A053E2C69D7B3002297F3 /* HeaderView.swift */ = {isa = PBXFileReference; lastKnownFileType = sourcecode.swift; path = HeaderView.swift; sourceTree = "<group>"; };
		CBC6D9CF2C760C620077595C /* ReviewViewController.swift */ = {isa = PBXFileReference; lastKnownFileType = sourcecode.swift; path = ReviewViewController.swift; sourceTree = "<group>"; };
		CBC6D9D12C7610990077595C /* Review.swift */ = {isa = PBXFileReference; lastKnownFileType = sourcecode.swift; path = Review.swift; sourceTree = "<group>"; };
		CBEDB2002C68872F00FFF5A9 /* NormalCollectionViewCell.swift */ = {isa = PBXFileReference; lastKnownFileType = sourcecode.swift; path = NormalCollectionViewCell.swift; sourceTree = "<group>"; };
/* End PBXFileReference section */

/* Begin PBXFrameworksBuildPhase section */
		CB3622A92C57C9C6002EC1EA /* Frameworks */ = {
			isa = PBXFrameworksBuildPhase;
			buildActionMask = 2147483647;
			files = (
				CB3622DE2C58C7ED002EC1EA /* RxCocoa in Frameworks */,
				CB3622E12C58C80C002EC1EA /* RxAlamofire in Frameworks */,
				CB3622CA2C57CA44002EC1EA /* Kingfisher in Frameworks */,
				CB3622C52C57CA10002EC1EA /* SnapKit in Frameworks */,
			);
			runOnlyForDeploymentPostprocessing = 0;
		};
/* End PBXFrameworksBuildPhase section */

/* Begin PBXGroup section */
		CB3622A32C57C9C6002EC1EA = {
			isa = PBXGroup;
			children = (
				CB3622AE2C57C9C7002EC1EA /* TvMovie */,
				CB3622AD2C57C9C7002EC1EA /* Products */,
				CB3622CF2C57CBDB002EC1EA /* Frameworks */,
			);
			sourceTree = "<group>";
		};
		CB3622AD2C57C9C7002EC1EA /* Products */ = {
			isa = PBXGroup;
			children = (
				CB3622AC2C57C9C7002EC1EA /* TvMovie.app */,
			);
			name = Products;
			sourceTree = "<group>";
		};
		CB3622AE2C57C9C7002EC1EA /* TvMovie */ = {
			isa = PBXGroup;
			children = (
				CB3622AF2C57C9C7002EC1EA /* AppDelegate.swift */,
				CB3622B12C57C9C7002EC1EA /* SceneDelegate.swift */,
				CB3622B32C57C9C7002EC1EA /* ViewController.swift */,
				CBC6D9CE2C760C4A0077595C /* Review */,
				CBEDB1FF2C68871F00FFF5A9 /* Cells */,
				CB3622EA2C5B59F4002EC1EA /* ViewModel.swift */,
				CB3622E82C5A0B67002EC1EA /* ButtonView.swift */,
				CB3622B52C57C9C7002EC1EA /* Main.storyboard */,
				CB3622D02C57CF45002EC1EA /* Network */,
				CB3622B82C57C9C8002EC1EA /* Assets.xcassets */,
				CB3622BA2C57C9C8002EC1EA /* LaunchScreen.storyboard */,
				CB3622BD2C57C9C8002EC1EA /* Info.plist */,
			);
			path = TvMovie;
			sourceTree = "<group>";
		};
		CB3622CF2C57CBDB002EC1EA /* Frameworks */ = {
			isa = PBXGroup;
			children = (
			);
			name = Frameworks;
			sourceTree = "<group>";
		};
		CB3622D02C57CF45002EC1EA /* Network */ = {
			isa = PBXGroup;
			children = (
				CB3622D12C57CF51002EC1EA /* Const.swift */,
				CB3622D32C58B501002EC1EA /* Entities */,
				CB3622DA2C58C671002EC1EA /* Network.swift */,
				CB3622E22C5A0627002EC1EA /* TVNetwork.swift */,
				CB3622E42C5A062F002EC1EA /* MovieNetwork.swift */,
				CB3622E62C5A07C5002EC1EA /* NetworkProvider.swift */,
			);
			path = Network;
			sourceTree = "<group>";
		};
		CB3622D32C58B501002EC1EA /* Entities */ = {
			isa = PBXGroup;
			children = (
				CB3622D42C58B50B002EC1EA /* TV.swift */,
				CB3622D62C58C0F2002EC1EA /* Movie.swift */,
				CB3622D82C58C466002EC1EA /* MovieResult.swift */,
				CB3A05382C69CDB9002297F3 /* Content.swift */,
				CBC6D9D12C7610990077595C /* Review.swift */,
			);
			path = Entities;
			sourceTree = "<group>";
		};
		CBC6D9CE2C760C4A0077595C /* Review */ = {
			isa = PBXGroup;
			children = (
				CBC6D9CF2C760C620077595C /* ReviewViewController.swift */,
			);
			path = Review;
			sourceTree = "<group>";
		};
		CBEDB1FF2C68871F00FFF5A9 /* Cells */ = {
			isa = PBXGroup;
			children = (
				CBEDB2002C68872F00FFF5A9 /* NormalCollectionViewCell.swift */,
				CB3A053C2C69D29B002297F3 /* ListCollectionViewCell.swift */,
				CB3A053A2C69D074002297F3 /* BigImageCollectionViewCell.swift */,
				CB3A053E2C69D7B3002297F3 /* HeaderView.swift */,
			);
			path = Cells;
			sourceTree = "<group>";
		};
/* End PBXGroup section */

/* Begin PBXNativeTarget section */
		CB3622AB2C57C9C6002EC1EA /* TvMovie */ = {
			isa = PBXNativeTarget;
			buildConfigurationList = CB3622C02C57C9C8002EC1EA /* Build configuration list for PBXNativeTarget "TvMovie" */;
			buildPhases = (
				CB3622A82C57C9C6002EC1EA /* Sources */,
				CB3622A92C57C9C6002EC1EA /* Frameworks */,
				CB3622AA2C57C9C6002EC1EA /* Resources */,
			);
			buildRules = (
			);
			dependencies = (
			);
			name = TvMovie;
			packageProductDependencies = (
				CB3622C42C57CA10002EC1EA /* SnapKit */,
				CB3622C92C57CA44002EC1EA /* Kingfisher */,
				CB3622DD2C58C7ED002EC1EA /* RxCocoa */,
				CB3622E02C58C80C002EC1EA /* RxAlamofire */,
			);
			productName = TvMovie;
			productReference = CB3622AC2C57C9C7002EC1EA /* TvMovie.app */;
			productType = "com.apple.product-type.application";
		};
/* End PBXNativeTarget section */

/* Begin PBXProject section */
		CB3622A42C57C9C6002EC1EA /* Project object */ = {
			isa = PBXProject;
			attributes = {
				BuildIndependentTargetsInParallel = 1;
				LastSwiftUpdateCheck = 1540;
				LastUpgradeCheck = 1540;
				TargetAttributes = {
					CB3622AB2C57C9C6002EC1EA = {
						CreatedOnToolsVersion = 15.4;
					};
				};
			};
			buildConfigurationList = CB3622A72C57C9C6002EC1EA /* Build configuration list for PBXProject "TvMovie" */;
			compatibilityVersion = "Xcode 14.0";
			developmentRegion = en;
			hasScannedForEncodings = 0;
			knownRegions = (
				en,
				Base,
			);
			mainGroup = CB3622A32C57C9C6002EC1EA;
			packageReferences = (
				CB3622C32C57CA10002EC1EA /* XCRemoteSwiftPackageReference "SnapKit" */,
				CB3622C82C57CA44002EC1EA /* XCRemoteSwiftPackageReference "Kingfisher" */,
				CB3622DC2C58C7ED002EC1EA /* XCRemoteSwiftPackageReference "RxSwift" */,
				CB3622DF2C58C80C002EC1EA /* XCRemoteSwiftPackageReference "RxAlamofire" */,
			);
			productRefGroup = CB3622AD2C57C9C7002EC1EA /* Products */;
			projectDirPath = "";
			projectRoot = "";
			targets = (
				CB3622AB2C57C9C6002EC1EA /* TvMovie */,
			);
		};
/* End PBXProject section */

/* Begin PBXResourcesBuildPhase section */
		CB3622AA2C57C9C6002EC1EA /* Resources */ = {
			isa = PBXResourcesBuildPhase;
			buildActionMask = 2147483647;
			files = (
				CB3622B92C57C9C8002EC1EA /* Assets.xcassets in Resources */,
				CB3622BC2C57C9C8002EC1EA /* Base in Resources */,
				CB3622B72C57C9C7002EC1EA /* Base in Resources */,
			);
			runOnlyForDeploymentPostprocessing = 0;
		};
/* End PBXResourcesBuildPhase section */

/* Begin PBXSourcesBuildPhase section */
		CB3622A82C57C9C6002EC1EA /* Sources */ = {
			isa = PBXSourcesBuildPhase;
			buildActionMask = 2147483647;
			files = (
				CB3622D92C58C466002EC1EA /* MovieResult.swift in Sources */,
				CB3A053F2C69D7B3002297F3 /* HeaderView.swift in Sources */,
				CBC6D9D02C760C620077595C /* ReviewViewController.swift in Sources */,
				CB3622B42C57C9C7002EC1EA /* ViewController.swift in Sources */,
				CB3622E92C5A0B67002EC1EA /* ButtonView.swift in Sources */,
				CBC6D9D22C7610990077595C /* Review.swift in Sources */,
				CBEDB2012C68873000FFF5A9 /* NormalCollectionViewCell.swift in Sources */,
				CB3622DB2C58C671002EC1EA /* Network.swift in Sources */,
				CB3622E32C5A0627002EC1EA /* TVNetwork.swift in Sources */,
				CB3622D22C57CF51002EC1EA /* Const.swift in Sources */,
				CB3622EB2C5B59F4002EC1EA /* ViewModel.swift in Sources */,
				CB3A05392C69CDB9002297F3 /* Content.swift in Sources */,
				CB3622E52C5A062F002EC1EA /* MovieNetwork.swift in Sources */,
				CB3622D72C58C0F2002EC1EA /* Movie.swift in Sources */,
				CB3622E72C5A07C5002EC1EA /* NetworkProvider.swift in Sources */,
				CB3622B02C57C9C7002EC1EA /* AppDelegate.swift in Sources */,
				CB3622D52C58B50B002EC1EA /* TV.swift in Sources */,
				CB3A053B2C69D074002297F3 /* BigImageCollectionViewCell.swift in Sources */,
				CB3A053D2C69D29B002297F3 /* ListCollectionViewCell.swift in Sources */,
				CB3622B22C57C9C7002EC1EA /* SceneDelegate.swift in Sources */,
			);
			runOnlyForDeploymentPostprocessing = 0;
		};
/* End PBXSourcesBuildPhase section */

/* Begin PBXVariantGroup section */
		CB3622B52C57C9C7002EC1EA /* Main.storyboard */ = {
			isa = PBXVariantGroup;
			children = (
				CB3622B62C57C9C7002EC1EA /* Base */,
			);
			name = Main.storyboard;
			sourceTree = "<group>";
		};
		CB3622BA2C57C9C8002EC1EA /* LaunchScreen.storyboard */ = {
			isa = PBXVariantGroup;
			children = (
				CB3622BB2C57C9C8002EC1EA /* Base */,
			);
			name = LaunchScreen.storyboard;
			sourceTree = "<group>";
		};
/* End PBXVariantGroup section */

/* Begin XCBuildConfiguration section */
		CB3622BE2C57C9C8002EC1EA /* Debug */ = {
			isa = XCBuildConfiguration;
			buildSettings = {
				ALWAYS_SEARCH_USER_PATHS = NO;
				ASSETCATALOG_COMPILER_GENERATE_SWIFT_ASSET_SYMBOL_EXTENSIONS = YES;
				CLANG_ANALYZER_NONNULL = YES;
				CLANG_ANALYZER_NUMBER_OBJECT_CONVERSION = YES_AGGRESSIVE;
				CLANG_CXX_LANGUAGE_STANDARD = "gnu++20";
				CLANG_ENABLE_MODULES = YES;
				CLANG_ENABLE_OBJC_ARC = YES;
				CLANG_ENABLE_OBJC_WEAK = YES;
				CLANG_WARN_BLOCK_CAPTURE_AUTORELEASING = YES;
				CLANG_WARN_BOOL_CONVERSION = YES;
				CLANG_WARN_COMMA = YES;
				CLANG_WARN_CONSTANT_CONVERSION = YES;
				CLANG_WARN_DEPRECATED_OBJC_IMPLEMENTATIONS = YES;
				CLANG_WARN_DIRECT_OBJC_ISA_USAGE = YES_ERROR;
				CLANG_WARN_DOCUMENTATION_COMMENTS = YES;
				CLANG_WARN_EMPTY_BODY = YES;
				CLANG_WARN_ENUM_CONVERSION = YES;
				CLANG_WARN_INFINITE_RECURSION = YES;
				CLANG_WARN_INT_CONVERSION = YES;
				CLANG_WARN_NON_LITERAL_NULL_CONVERSION = YES;
				CLANG_WARN_OBJC_IMPLICIT_RETAIN_SELF = YES;
				CLANG_WARN_OBJC_LITERAL_CONVERSION = YES;
				CLANG_WARN_OBJC_ROOT_CLASS = YES_ERROR;
				CLANG_WARN_QUOTED_INCLUDE_IN_FRAMEWORK_HEADER = YES;
				CLANG_WARN_RANGE_LOOP_ANALYSIS = YES;
				CLANG_WARN_STRICT_PROTOTYPES = YES;
				CLANG_WARN_SUSPICIOUS_MOVE = YES;
				CLANG_WARN_UNGUARDED_AVAILABILITY = YES_AGGRESSIVE;
				CLANG_WARN_UNREACHABLE_CODE = YES;
				CLANG_WARN__DUPLICATE_METHOD_MATCH = YES;
				COPY_PHASE_STRIP = NO;
				DEBUG_INFORMATION_FORMAT = dwarf;
				ENABLE_STRICT_OBJC_MSGSEND = YES;
				ENABLE_TESTABILITY = YES;
				ENABLE_USER_SCRIPT_SANDBOXING = YES;
				GCC_C_LANGUAGE_STANDARD = gnu17;
				GCC_DYNAMIC_NO_PIC = NO;
				GCC_NO_COMMON_BLOCKS = YES;
				GCC_OPTIMIZATION_LEVEL = 0;
				GCC_PREPROCESSOR_DEFINITIONS = (
					"DEBUG=1",
					"$(inherited)",
				);
				GCC_WARN_64_TO_32_BIT_CONVERSION = YES;
				GCC_WARN_ABOUT_RETURN_TYPE = YES_ERROR;
				GCC_WARN_UNDECLARED_SELECTOR = YES;
				GCC_WARN_UNINITIALIZED_AUTOS = YES_AGGRESSIVE;
				GCC_WARN_UNUSED_FUNCTION = YES;
				GCC_WARN_UNUSED_VARIABLE = YES;
				IPHONEOS_DEPLOYMENT_TARGET = 17.0;
				LOCALIZATION_PREFERS_STRING_CATALOGS = YES;
				MTL_ENABLE_DEBUG_INFO = INCLUDE_SOURCE;
				MTL_FAST_MATH = YES;
				ONLY_ACTIVE_ARCH = YES;
				SDKROOT = iphoneos;
				SWIFT_ACTIVE_COMPILATION_CONDITIONS = "DEBUG $(inherited)";
				SWIFT_OPTIMIZATION_LEVEL = "-Onone";
			};
			name = Debug;
		};
		CB3622BF2C57C9C8002EC1EA /* Release */ = {
			isa = XCBuildConfiguration;
			buildSettings = {
				ALWAYS_SEARCH_USER_PATHS = NO;
				ASSETCATALOG_COMPILER_GENERATE_SWIFT_ASSET_SYMBOL_EXTENSIONS = YES;
				CLANG_ANALYZER_NONNULL = YES;
				CLANG_ANALYZER_NUMBER_OBJECT_CONVERSION = YES_AGGRESSIVE;
				CLANG_CXX_LANGUAGE_STANDARD = "gnu++20";
				CLANG_ENABLE_MODULES = YES;
				CLANG_ENABLE_OBJC_ARC = YES;
				CLANG_ENABLE_OBJC_WEAK = YES;
				CLANG_WARN_BLOCK_CAPTURE_AUTORELEASING = YES;
				CLANG_WARN_BOOL_CONVERSION = YES;
				CLANG_WARN_COMMA = YES;
				CLANG_WARN_CONSTANT_CONVERSION = YES;
				CLANG_WARN_DEPRECATED_OBJC_IMPLEMENTATIONS = YES;
				CLANG_WARN_DIRECT_OBJC_ISA_USAGE = YES_ERROR;
				CLANG_WARN_DOCUMENTATION_COMMENTS = YES;
				CLANG_WARN_EMPTY_BODY = YES;
				CLANG_WARN_ENUM_CONVERSION = YES;
				CLANG_WARN_INFINITE_RECURSION = YES;
				CLANG_WARN_INT_CONVERSION = YES;
				CLANG_WARN_NON_LITERAL_NULL_CONVERSION = YES;
				CLANG_WARN_OBJC_IMPLICIT_RETAIN_SELF = YES;
				CLANG_WARN_OBJC_LITERAL_CONVERSION = YES;
				CLANG_WARN_OBJC_ROOT_CLASS = YES_ERROR;
				CLANG_WARN_QUOTED_INCLUDE_IN_FRAMEWORK_HEADER = YES;
				CLANG_WARN_RANGE_LOOP_ANALYSIS = YES;
				CLANG_WARN_STRICT_PROTOTYPES = YES;
				CLANG_WARN_SUSPICIOUS_MOVE = YES;
				CLANG_WARN_UNGUARDED_AVAILABILITY = YES_AGGRESSIVE;
				CLANG_WARN_UNREACHABLE_CODE = YES;
				CLANG_WARN__DUPLICATE_METHOD_MATCH = YES;
				COPY_PHASE_STRIP = NO;
				DEBUG_INFORMATION_FORMAT = "dwarf-with-dsym";
				ENABLE_NS_ASSERTIONS = NO;
				ENABLE_STRICT_OBJC_MSGSEND = YES;
				ENABLE_USER_SCRIPT_SANDBOXING = YES;
				GCC_C_LANGUAGE_STANDARD = gnu17;
				GCC_NO_COMMON_BLOCKS = YES;
				GCC_WARN_64_TO_32_BIT_CONVERSION = YES;
				GCC_WARN_ABOUT_RETURN_TYPE = YES_ERROR;
				GCC_WARN_UNDECLARED_SELECTOR = YES;
				GCC_WARN_UNINITIALIZED_AUTOS = YES_AGGRESSIVE;
				GCC_WARN_UNUSED_FUNCTION = YES;
				GCC_WARN_UNUSED_VARIABLE = YES;
				IPHONEOS_DEPLOYMENT_TARGET = 17.0;
				LOCALIZATION_PREFERS_STRING_CATALOGS = YES;
				MTL_ENABLE_DEBUG_INFO = NO;
				MTL_FAST_MATH = YES;
				SDKROOT = iphoneos;
				SWIFT_COMPILATION_MODE = wholemodule;
				VALIDATE_PRODUCT = YES;
			};
			name = Release;
		};
		CB3622C12C57C9C8002EC1EA /* Debug */ = {
			isa = XCBuildConfiguration;
			buildSettings = {
				ASSETCATALOG_COMPILER_APPICON_NAME = AppIcon;
				ASSETCATALOG_COMPILER_GLOBAL_ACCENT_COLOR_NAME = AccentColor;
				CODE_SIGN_STYLE = Automatic;
				CURRENT_PROJECT_VERSION = 1;
				DEVELOPMENT_TEAM = X7TYNR98TC;
				GENERATE_INFOPLIST_FILE = YES;
				INFOPLIST_FILE = TvMovie/Info.plist;
				INFOPLIST_KEY_UIApplicationSupportsIndirectInputEvents = YES;
				INFOPLIST_KEY_UILaunchStoryboardName = LaunchScreen;
				INFOPLIST_KEY_UIMainStoryboardFile = Main;
				INFOPLIST_KEY_UISupportedInterfaceOrientations_iPad = "UIInterfaceOrientationPortrait UIInterfaceOrientationPortraitUpsideDown UIInterfaceOrientationLandscapeLeft UIInterfaceOrientationLandscapeRight";
				INFOPLIST_KEY_UISupportedInterfaceOrientations_iPhone = "UIInterfaceOrientationPortrait UIInterfaceOrientationLandscapeLeft UIInterfaceOrientationLandscapeRight";
				LD_RUNPATH_SEARCH_PATHS = (
					"$(inherited)",
					"@executable_path/Frameworks",
				);
				MARKETING_VERSION = 1.0;
				PRODUCT_BUNDLE_IDENTIFIER = kr.ac.indck.hyun.TvMovie;
				PRODUCT_NAME = "$(TARGET_NAME)";
				SWIFT_EMIT_LOC_STRINGS = YES;
				SWIFT_VERSION = 5.0;
				TARGETED_DEVICE_FAMILY = "1,2";
			};
			name = Debug;
		};
		CB3622C22C57C9C8002EC1EA /* Release */ = {
			isa = XCBuildConfiguration;
			buildSettings = {
				ASSETCATALOG_COMPILER_APPICON_NAME = AppIcon;
				ASSETCATALOG_COMPILER_GLOBAL_ACCENT_COLOR_NAME = AccentColor;
				CODE_SIGN_STYLE = Automatic;
				CURRENT_PROJECT_VERSION = 1;
				DEVELOPMENT_TEAM = X7TYNR98TC;
				GENERATE_INFOPLIST_FILE = YES;
				INFOPLIST_FILE = TvMovie/Info.plist;
				INFOPLIST_KEY_UIApplicationSupportsIndirectInputEvents = YES;
				INFOPLIST_KEY_UILaunchStoryboardName = LaunchScreen;
				INFOPLIST_KEY_UIMainStoryboardFile = Main;
				INFOPLIST_KEY_UISupportedInterfaceOrientations_iPad = "UIInterfaceOrientationPortrait UIInterfaceOrientationPortraitUpsideDown UIInterfaceOrientationLandscapeLeft UIInterfaceOrientationLandscapeRight";
				INFOPLIST_KEY_UISupportedInterfaceOrientations_iPhone = "UIInterfaceOrientationPortrait UIInterfaceOrientationLandscapeLeft UIInterfaceOrientationLandscapeRight";
				LD_RUNPATH_SEARCH_PATHS = (
					"$(inherited)",
					"@executable_path/Frameworks",
				);
				MARKETING_VERSION = 1.0;
				PRODUCT_BUNDLE_IDENTIFIER = kr.ac.indck.hyun.TvMovie;
				PRODUCT_NAME = "$(TARGET_NAME)";
				SWIFT_EMIT_LOC_STRINGS = YES;
				SWIFT_VERSION = 5.0;
				TARGETED_DEVICE_FAMILY = "1,2";
			};
			name = Release;
		};
/* End XCBuildConfiguration section */

/* Begin XCConfigurationList section */
		CB3622A72C57C9C6002EC1EA /* Build configuration list for PBXProject "TvMovie" */ = {
			isa = XCConfigurationList;
			buildConfigurations = (
				CB3622BE2C57C9C8002EC1EA /* Debug */,
				CB3622BF2C57C9C8002EC1EA /* Release */,
			);
			defaultConfigurationIsVisible = 0;
			defaultConfigurationName = Release;
		};
		CB3622C02C57C9C8002EC1EA /* Build configuration list for PBXNativeTarget "TvMovie" */ = {
			isa = XCConfigurationList;
			buildConfigurations = (
				CB3622C12C57C9C8002EC1EA /* Debug */,
				CB3622C22C57C9C8002EC1EA /* Release */,
			);
			defaultConfigurationIsVisible = 0;
			defaultConfigurationName = Release;
		};
/* End XCConfigurationList section */

/* Begin XCRemoteSwiftPackageReference section */
		CB3622C32C57CA10002EC1EA /* XCRemoteSwiftPackageReference "SnapKit" */ = {
			isa = XCRemoteSwiftPackageReference;
			repositoryURL = "https://github.com/SnapKit/SnapKit.git";
			requirement = {
				kind = upToNextMajorVersion;
				minimumVersion = 5.7.1;
			};
		};
		CB3622C82C57CA44002EC1EA /* XCRemoteSwiftPackageReference "Kingfisher" */ = {
			isa = XCRemoteSwiftPackageReference;
			repositoryURL = "https://github.com/onevcat/Kingfisher.git";
			requirement = {
				kind = upToNextMajorVersion;
				minimumVersion = 7.12.0;
			};
		};
		CB3622DC2C58C7ED002EC1EA /* XCRemoteSwiftPackageReference "RxSwift" */ = {
			isa = XCRemoteSwiftPackageReference;
			repositoryURL = "https://github.com/ReactiveX/RxSwift.git";
			requirement = {
				kind = upToNextMajorVersion;
				minimumVersion = 5.0.0;
			};
		};
		CB3622DF2C58C80C002EC1EA /* XCRemoteSwiftPackageReference "RxAlamofire" */ = {
			isa = XCRemoteSwiftPackageReference;
			repositoryURL = "https://github.com/RxSwiftCommunity/RxAlamofire.git";
			requirement = {
				kind = upToNextMajorVersion;
				minimumVersion = 5.2.0;
			};
		};
/* End XCRemoteSwiftPackageReference section */

/* Begin XCSwiftPackageProductDependency section */
		CB3622C42C57CA10002EC1EA /* SnapKit */ = {
			isa = XCSwiftPackageProductDependency;
			package = CB3622C32C57CA10002EC1EA /* XCRemoteSwiftPackageReference "SnapKit" */;
			productName = SnapKit;
		};
		CB3622C92C57CA44002EC1EA /* Kingfisher */ = {
			isa = XCSwiftPackageProductDependency;
			package = CB3622C82C57CA44002EC1EA /* XCRemoteSwiftPackageReference "Kingfisher" */;
			productName = Kingfisher;
		};
		CB3622DD2C58C7ED002EC1EA /* RxCocoa */ = {
			isa = XCSwiftPackageProductDependency;
			package = CB3622DC2C58C7ED002EC1EA /* XCRemoteSwiftPackageReference "RxSwift" */;
			productName = RxCocoa;
		};
		CB3622E02C58C80C002EC1EA /* RxAlamofire */ = {
			isa = XCSwiftPackageProductDependency;
			package = CB3622DF2C58C80C002EC1EA /* XCRemoteSwiftPackageReference "RxAlamofire" */;
			productName = RxAlamofire;
		};
/* End XCSwiftPackageProductDependency section */
	};
	rootObject = CB3622A42C57C9C6002EC1EA /* Project object */;
}
